
Microsoft Visual Studio Solution File, Format Version 12.00
# Visual Studio Version 16
VisualStudioVersion = 16.0.29424.173
MinimumVisualStudioVersion = 10.0.40219.1
Project("{FAE04EC0-301F-11D3-BF4B-00C04F79EFBC}") = "Laborator_EF_StudiiCaz", "Laborator_EF_StudiiCaz\Laborator_EF_StudiiCaz.csproj", "{2B864A13-60A7-41E6-A822-7C827E392CBD}"
EndProject
Project("{FAE04EC0-301F-11D3-BF4B-00C04F79EFBC}") = "EF_StudiiCaz_Scenariul2", "EF_StudiiCaz_Scenariul2\EF_StudiiCaz_Scenariul2.csproj", "{CA55B9BB-D475-4CB5-A8DF-97D869987442}"
EndProject
Project("{FAE04EC0-301F-11D3-BF4B-00C04F79EFBC}") = "EF_StudiiCaz_Scenariul3", "EF_StudiiCaz_Scenariul3\EF_StudiiCaz_Scenariul3.csproj", "{FC5EF37B-E68C-4818-A073-A120F2E24309}"
EndProject
Global
	GlobalSection(SolutionConfigurationPlatforms) = preSolution
		Debug|Any CPU = Debug|Any CPU
		Release|Any CPU = Release|Any CPU
	EndGlobalSection
	GlobalSection(ProjectConfigurationPlatforms) = postSolution
		{2B864A13-60A7-41E6-A822-7C827E392CBD}.Debug|Any CPU.ActiveCfg = Debug|Any CPU
		{2B864A13-60A7-41E6-A822-7C827E392CBD}.Debug|Any CPU.Build.0 = Debug|Any CPU
		{2B864A13-60A7-41E6-A822-7C827E392CBD}.Release|Any CPU.ActiveCfg = Release|Any CPU
		{2B864A13-60A7-41E6-A822-7C827E392CBD}.Release|Any CPU.Build.0 = Release|Any CPU
		{CA55B9BB-D475-4CB5-A8DF-97D869987442}.Debug|Any CPU.ActiveCfg = Debug|Any CPU
		{CA55B9BB-D475-4CB5-A8DF-97D869987442}.Debug|Any CPU.Build.0 = Debug|Any CPU
		{CA55B9BB-D475-4CB5-A8DF-97D869987442}.Release|Any CPU.ActiveCfg = Release|Any CPU
		{CA55B9BB-D475-4CB5-A8DF-97D869987442}.Release|Any CPU.Build.0 = Release|Any CPU
		{FC5EF37B-E68C-4818-A073-A120F2E24309}.Debug|Any CPU.ActiveCfg = Debug|Any CPU
		{FC5EF37B-E68C-4818-A073-A120F2E24309}.Debug|Any CPU.Build.0 = Debug|Any CPU
		{FC5EF37B-E68C-4818-A073-A120F2E24309}.Release|Any CPU.ActiveCfg = Release|Any CPU
		{FC5EF37B-E68C-4818-A073-A120F2E24309}.Release|Any CPU.Build.0 = Release|Any CPU
	EndGlobalSection
	GlobalSection(SolutionProperties) = preSolution
		HideSolutionNode = FALSE
	EndGlobalSection
	GlobalSection(ExtensibilityGlobals) = postSolution
		SolutionGuid = {F89B434D-9BEB-4D03-A07B-3240B0380755}
	EndGlobalSection
EndGlobal
